github.com/google/go-cmp v0.5.9 h1:O2Tfq5qg4qc4AmwVlvv0oLiVAGB7enBSJ2x2DqQFi38=
github.com/google/go-cmp v0.5.9/go.mod h1:17dUlkBOakJ0+DkrSSNjCkIjxS6bF9zb3elmeNGIjoY=
github.com/snabb/isoweek v1.0.3 h1:BwEULUhj7UToLLa7FivDTLzA4y1epTYkLhnn31huBRs=
github.com/snabb/isoweek v1.0.3/go.mod h1:J5hJfY1CG56xmKCC/4XfoaWZcOiB+qntmyKEDATSnlw=
